
Microsoft Visual Studio Solution File, Format Version 12.00
# Visual Studio Version 17
VisualStudioVersion = 17.3.32922.545
MinimumVisualStudioVersion = 10.0.40219.1
Project("{FAE04EC0-301F-11D3-BF4B-00C04F79EFBC}") = "ConsoleApp_training", "ConsoleApp_training\ConsoleApp_training.csproj", "{E0FC72D4-8EBE-4B47-80C2-A9E9B9CD8324}"
EndProject
Global
	GlobalSection(SolutionConfigurationPlatforms) = preSolution
		Debug|Any CPU = Debug|Any CPU
		Release|Any CPU = Release|Any CPU
	EndGlobalSection
	GlobalSection(ProjectConfigurationPlatforms) = postSolution
		{E0FC72D4-8EBE-4B47-80C2-A9E9B9CD8324}.Debug|Any CPU.ActiveCfg = Debug|Any CPU
		{E0FC72D4-8EBE-4B47-80C2-A9E9B9CD8324}.Debug|Any CPU.Build.0 = Debug|Any CPU
		{E0FC72D4-8EBE-4B47-80C2-A9E9B9CD8324}.Release|Any CPU.ActiveCfg = Release|Any CPU
		{E0FC72D4-8EBE-4B47-80C2-A9E9B9CD8324}.Release|Any CPU.Build.0 = Release|Any CPU
	EndGlobalSection
	GlobalSection(SolutionProperties) = preSolution
		HideSolutionNode = FALSE
	EndGlobalSection
	GlobalSection(ExtensibilityGlobals) = postSolution
		SolutionGuid = {5E01A35A-D347-4949-AC43-DFEC7526BE31}
	EndGlobalSection
EndGlobal
